
Microsoft Visual Studio Solution File, Format Version 12.00
# Visual Studio 2013
VisualStudioVersion = 12.0.21005.1
MinimumVisualStudioVersion = 10.0.40219.1
Project("{FAE04EC0-301F-11D3-BF4B-00C04F79EFBC}") = "Shapes", "Shapes\Shapes.csproj", "{83603827-3357-47D5-939A-2F5B655D9BB5}"
EndProject
Project("{FAE04EC0-301F-11D3-BF4B-00C04F79EFBC}") = "OOP", "OOP\OOP.csproj", "{FDDE2531-085E-4601-8216-A71D98E6D528}"
EndProject
Global
	GlobalSection(SolutionConfigurationPlatforms) = preSolution
		Debug|Any CPU = Debug|Any CPU
		Release|Any CPU = Release|Any CPU
	EndGlobalSection
	GlobalSection(ProjectConfigurationPlatforms) = postSolution
		{83603827-3357-47D5-939A-2F5B655D9BB5}.Debug|Any CPU.ActiveCfg = Debug|Any CPU
		{83603827-3357-47D5-939A-2F5B655D9BB5}.Debug|Any CPU.Build.0 = Debug|Any CPU
		{83603827-3357-47D5-939A-2F5B655D9BB5}.Release|Any CPU.ActiveCfg = Release|Any CPU
		{83603827-3357-47D5-939A-2F5B655D9BB5}.Release|Any CPU.Build.0 = Release|Any CPU
		{FDDE2531-085E-4601-8216-A71D98E6D528}.Debug|Any CPU.ActiveCfg = Debug|Any CPU
		{FDDE2531-085E-4601-8216-A71D98E6D528}.Debug|Any CPU.Build.0 = Debug|Any CPU
		{FDDE2531-085E-4601-8216-A71D98E6D528}.Release|Any CPU.ActiveCfg = Release|Any CPU
		{FDDE2531-085E-4601-8216-A71D98E6D528}.Release|Any CPU.Build.0 = Release|Any CPU
	EndGlobalSection
	GlobalSection(SolutionProperties) = preSolution
		HideSolutionNode = FALSE
	EndGlobalSection
EndGlobal
