
Microsoft Visual Studio Solution File, Format Version 12.00
# Visual Studio 2013
VisualStudioVersion = 12.0.21005.1
MinimumVisualStudioVersion = 10.0.40219.1
Project("{FAE04EC0-301F-11D3-BF4B-00C04F79EFBC}") = "lab4", "lab4\lab4.csproj", "{D054DA98-FB40-4951-891B-699DD4F0170B}"
EndProject
Project("{FAE04EC0-301F-11D3-BF4B-00C04F79EFBC}") = "EmployeeLib", "EmployeeLib\EmployeeLib.csproj", "{C1971588-305E-4A25-B7D7-D428349442E5}"
EndProject
Global
	GlobalSection(SolutionConfigurationPlatforms) = preSolution
		Debug|Any CPU = Debug|Any CPU
		Release|Any CPU = Release|Any CPU
	EndGlobalSection
	GlobalSection(ProjectConfigurationPlatforms) = postSolution
		{D054DA98-FB40-4951-891B-699DD4F0170B}.Debug|Any CPU.ActiveCfg = Debug|Any CPU
		{D054DA98-FB40-4951-891B-699DD4F0170B}.Debug|Any CPU.Build.0 = Debug|Any CPU
		{D054DA98-FB40-4951-891B-699DD4F0170B}.Release|Any CPU.ActiveCfg = Release|Any CPU
		{D054DA98-FB40-4951-891B-699DD4F0170B}.Release|Any CPU.Build.0 = Release|Any CPU
		{C1971588-305E-4A25-B7D7-D428349442E5}.Debug|Any CPU.ActiveCfg = Debug|Any CPU
		{C1971588-305E-4A25-B7D7-D428349442E5}.Debug|Any CPU.Build.0 = Debug|Any CPU
		{C1971588-305E-4A25-B7D7-D428349442E5}.Release|Any CPU.ActiveCfg = Release|Any CPU
		{C1971588-305E-4A25-B7D7-D428349442E5}.Release|Any CPU.Build.0 = Release|Any CPU
	EndGlobalSection
	GlobalSection(SolutionProperties) = preSolution
		HideSolutionNode = FALSE
	EndGlobalSection
EndGlobal
